
Microsoft Visual Studio Solution File, Format Version 12.00
# Visual Studio Version 17
VisualStudioVersion = 17.8.34309.116
MinimumVisualStudioVersion = 10.0.40219.1
Project("{FAE04EC0-301F-11D3-BF4B-00C04F79EFBC}") = "SolutionTasks", "SolutionTasks\SolutionTasks.csproj", "{0A94A278-F549-42C5-B915-ACD2C81DEDCF}"
EndProject
Global
	GlobalSection(SolutionConfigurationPlatforms) = preSolution
		Debug|Any CPU = Debug|Any CPU
		Release|Any CPU = Release|Any CPU
	EndGlobalSection
	GlobalSection(ProjectConfigurationPlatforms) = postSolution
		{0A94A278-F549-42C5-B915-ACD2C81DEDCF}.Debug|Any CPU.ActiveCfg = Debug|Any CPU
		{0A94A278-F549-42C5-B915-ACD2C81DEDCF}.Debug|Any CPU.Build.0 = Debug|Any CPU
		{0A94A278-F549-42C5-B915-ACD2C81DEDCF}.Release|Any CPU.ActiveCfg = Release|Any CPU
		{0A94A278-F549-42C5-B915-ACD2C81DEDCF}.Release|Any CPU.Build.0 = Release|Any CPU
	EndGlobalSection
	GlobalSection(SolutionProperties) = preSolution
		HideSolutionNode = FALSE
	EndGlobalSection
	GlobalSection(ExtensibilityGlobals) = postSolution
		SolutionGuid = {2FA65DCB-D161-4073-A9C7-62C65A06607C}
	EndGlobalSection
EndGlobal
